
Microsoft Visual Studio Solution File, Format Version 12.00
# Visual Studio Version 17
VisualStudioVersion = 17.0.31903.59
MinimumVisualStudioVersion = 10.0.40219.1
Project("{9A19103F-16F7-4668-BE54-9A1E7A4F7556}") = "TeamManager.API", "TeamManager.API\TeamManager.API.csproj", "{81A1E9A7-0996-4571-90DF-8997720DACC1}"
EndProject
Project("{9A19103F-16F7-4668-BE54-9A1E7A4F7556}") = "TeamManager.Logic", "TeamManager.Abstraction\TeamManager.Logic.csproj", "{D28426F0-6B30-4EEB-9459-88AE4ECE0699}"
EndProject
Project("{9A19103F-16F7-4668-BE54-9A1E7A4F7556}") = "TeamManager.Repository", "TeamManager.Repo.Abstraction\TeamManager.Repository.csproj", "{7F9FEC3A-1DE4-4ECA-A2D9-FFED51B2DCBA}"
EndProject
Project("{9A19103F-16F7-4668-BE54-9A1E7A4F7556}") = "TeamManager.Database", "TeamManager.Database\TeamManager.Database.csproj", "{05785E08-2F07-4E1E-8056-0994AE565C65}"
EndProject
Project("{9A19103F-16F7-4668-BE54-9A1E7A4F7556}") = "TeamManager.Core", "TeamManager.Core\TeamManager.Core.csproj", "{9E8E034E-13F6-4B9B-A552-2187942E358B}"
EndProject
Project("{FAE04EC0-301F-11D3-BF4B-00C04F79EFBC}") = "TeamManager.Client", "TeamManager.Client\TeamManager.Client.csproj", "{08DD1C00-B54B-4BF3-A9CC-D018A55E4765}"
EndProject
Project("{FAE04EC0-301F-11D3-BF4B-00C04F79EFBC}") = "TeamManager.Client.Logic", "TeamManager.Client.Logic\TeamManager.Client.Logic.csproj", "{0D78FF30-4132-4052-9B8E-B389983CDC11}"
EndProject
Global
	GlobalSection(SolutionConfigurationPlatforms) = preSolution
		Debug|Any CPU = Debug|Any CPU
		Release|Any CPU = Release|Any CPU
	EndGlobalSection
	GlobalSection(ProjectConfigurationPlatforms) = postSolution
		{81A1E9A7-0996-4571-90DF-8997720DACC1}.Debug|Any CPU.ActiveCfg = Debug|Any CPU
		{81A1E9A7-0996-4571-90DF-8997720DACC1}.Debug|Any CPU.Build.0 = Debug|Any CPU
		{81A1E9A7-0996-4571-90DF-8997720DACC1}.Release|Any CPU.ActiveCfg = Release|Any CPU
		{81A1E9A7-0996-4571-90DF-8997720DACC1}.Release|Any CPU.Build.0 = Release|Any CPU
		{D28426F0-6B30-4EEB-9459-88AE4ECE0699}.Debug|Any CPU.ActiveCfg = Debug|Any CPU
		{D28426F0-6B30-4EEB-9459-88AE4ECE0699}.Debug|Any CPU.Build.0 = Debug|Any CPU
		{D28426F0-6B30-4EEB-9459-88AE4ECE0699}.Release|Any CPU.ActiveCfg = Release|Any CPU
		{D28426F0-6B30-4EEB-9459-88AE4ECE0699}.Release|Any CPU.Build.0 = Release|Any CPU
		{7F9FEC3A-1DE4-4ECA-A2D9-FFED51B2DCBA}.Debug|Any CPU.ActiveCfg = Debug|Any CPU
		{7F9FEC3A-1DE4-4ECA-A2D9-FFED51B2DCBA}.Debug|Any CPU.Build.0 = Debug|Any CPU
		{7F9FEC3A-1DE4-4ECA-A2D9-FFED51B2DCBA}.Release|Any CPU.ActiveCfg = Release|Any CPU
		{7F9FEC3A-1DE4-4ECA-A2D9-FFED51B2DCBA}.Release|Any CPU.Build.0 = Release|Any CPU
		{05785E08-2F07-4E1E-8056-0994AE565C65}.Debug|Any CPU.ActiveCfg = Debug|Any CPU
		{05785E08-2F07-4E1E-8056-0994AE565C65}.Debug|Any CPU.Build.0 = Debug|Any CPU
		{05785E08-2F07-4E1E-8056-0994AE565C65}.Release|Any CPU.ActiveCfg = Release|Any CPU
		{05785E08-2F07-4E1E-8056-0994AE565C65}.Release|Any CPU.Build.0 = Release|Any CPU
		{9E8E034E-13F6-4B9B-A552-2187942E358B}.Debug|Any CPU.ActiveCfg = Debug|Any CPU
		{9E8E034E-13F6-4B9B-A552-2187942E358B}.Debug|Any CPU.Build.0 = Debug|Any CPU
		{9E8E034E-13F6-4B9B-A552-2187942E358B}.Release|Any CPU.ActiveCfg = Release|Any CPU
		{9E8E034E-13F6-4B9B-A552-2187942E358B}.Release|Any CPU.Build.0 = Release|Any CPU
		{08DD1C00-B54B-4BF3-A9CC-D018A55E4765}.Debug|Any CPU.ActiveCfg = Debug|Any CPU
		{08DD1C00-B54B-4BF3-A9CC-D018A55E4765}.Debug|Any CPU.Build.0 = Debug|Any CPU
		{08DD1C00-B54B-4BF3-A9CC-D018A55E4765}.Release|Any CPU.ActiveCfg = Release|Any CPU
		{08DD1C00-B54B-4BF3-A9CC-D018A55E4765}.Release|Any CPU.Build.0 = Release|Any CPU
		{0D78FF30-4132-4052-9B8E-B389983CDC11}.Debug|Any CPU.ActiveCfg = Debug|Any CPU
		{0D78FF30-4132-4052-9B8E-B389983CDC11}.Debug|Any CPU.Build.0 = Debug|Any CPU
		{0D78FF30-4132-4052-9B8E-B389983CDC11}.Release|Any CPU.ActiveCfg = Release|Any CPU
		{0D78FF30-4132-4052-9B8E-B389983CDC11}.Release|Any CPU.Build.0 = Release|Any CPU
	EndGlobalSection
	GlobalSection(SolutionProperties) = preSolution
		HideSolutionNode = FALSE
	EndGlobalSection
	GlobalSection(ExtensibilityGlobals) = postSolution
		SolutionGuid = {D34CF307-4D3E-42C6-BD63-CF1D553CF3A9}
	EndGlobalSection
EndGlobal
